
Microsoft Visual Studio Solution File, Format Version 12.00
# Visual Studio Version 16
VisualStudioVersion = 16.0.29926.136
MinimumVisualStudioVersion = 10.0.40219.1
Project("{9A19103F-16F7-4668-BE54-9A1E7A4F7556}") = "API", "API\API.csproj", "{73D436F5-815D-4DD5-809B-E788AB83874E}"
EndProject
Project("{9A19103F-16F7-4668-BE54-9A1E7A4F7556}") = "Domain", "Domain\Domain.csproj", "{17FC779C-2C43-45B6-8AF5-6C43AD4D1713}"
EndProject
Project("{9A19103F-16F7-4668-BE54-9A1E7A4F7556}") = "Application", "Application\Application.csproj", "{8B62A25F-84F1-473D-B8E9-7F524837D21F}"
EndProject
Project("{9A19103F-16F7-4668-BE54-9A1E7A4F7556}") = "Persistence", "Persistence\Persistence.csproj", "{A5F8C2F5-DB6A-4559-85F3-91D1C8BDA35F}"
EndProject
Project("{E24C65DC-7377-472B-9ABA-BC803B73C61A}") = "client-app", "client-app\", "{DD5D1612-38D9-4D4E-B6B5-92BEFF16F2E2}"
	ProjectSection(WebsiteProperties) = preProject
		TargetFrameworkMoniker = ".NETFramework,Version%3Dv4.0"
		Debug.AspNetCompiler.VirtualPath = "/localhost_11676"
		Debug.AspNetCompiler.PhysicalPath = "client-app\"
		Debug.AspNetCompiler.TargetPath = "PrecompiledWeb\localhost_11676\"
		Debug.AspNetCompiler.Updateable = "true"
		Debug.AspNetCompiler.ForceOverwrite = "true"
		Debug.AspNetCompiler.FixedNames = "false"
		Debug.AspNetCompiler.Debug = "True"
		Release.AspNetCompiler.VirtualPath = "/localhost_11676"
		Release.AspNetCompiler.PhysicalPath = "client-app\"
		Release.AspNetCompiler.TargetPath = "PrecompiledWeb\localhost_11676\"
		Release.AspNetCompiler.Updateable = "true"
		Release.AspNetCompiler.ForceOverwrite = "true"
		Release.AspNetCompiler.FixedNames = "false"
		Release.AspNetCompiler.Debug = "False"
		VWDPort = "11676"
		SlnRelativePath = "client-app\"
	EndProjectSection
EndProject
Project("{FAE04EC0-301F-11D3-BF4B-00C04F79EFBC}") = "Infrastructure", "Infrastructure\Infrastructure.csproj", "{098E6BE7-1D67-4E1E-8B0B-F86CE96A4645}"
EndProject
Global
	GlobalSection(SolutionConfigurationPlatforms) = preSolution
		Debug|Any CPU = Debug|Any CPU
		Release|Any CPU = Release|Any CPU
	EndGlobalSection
	GlobalSection(ProjectConfigurationPlatforms) = postSolution
		{73D436F5-815D-4DD5-809B-E788AB83874E}.Debug|Any CPU.ActiveCfg = Debug|Any CPU
		{73D436F5-815D-4DD5-809B-E788AB83874E}.Debug|Any CPU.Build.0 = Debug|Any CPU
		{73D436F5-815D-4DD5-809B-E788AB83874E}.Release|Any CPU.ActiveCfg = Release|Any CPU
		{73D436F5-815D-4DD5-809B-E788AB83874E}.Release|Any CPU.Build.0 = Release|Any CPU
		{17FC779C-2C43-45B6-8AF5-6C43AD4D1713}.Debug|Any CPU.ActiveCfg = Debug|Any CPU
		{17FC779C-2C43-45B6-8AF5-6C43AD4D1713}.Debug|Any CPU.Build.0 = Debug|Any CPU
		{17FC779C-2C43-45B6-8AF5-6C43AD4D1713}.Release|Any CPU.ActiveCfg = Release|Any CPU
		{17FC779C-2C43-45B6-8AF5-6C43AD4D1713}.Release|Any CPU.Build.0 = Release|Any CPU
		{8B62A25F-84F1-473D-B8E9-7F524837D21F}.Debug|Any CPU.ActiveCfg = Debug|Any CPU
		{8B62A25F-84F1-473D-B8E9-7F524837D21F}.Debug|Any CPU.Build.0 = Debug|Any CPU
		{8B62A25F-84F1-473D-B8E9-7F524837D21F}.Release|Any CPU.ActiveCfg = Release|Any CPU
		{8B62A25F-84F1-473D-B8E9-7F524837D21F}.Release|Any CPU.Build.0 = Release|Any CPU
		{A5F8C2F5-DB6A-4559-85F3-91D1C8BDA35F}.Debug|Any CPU.ActiveCfg = Debug|Any CPU
		{A5F8C2F5-DB6A-4559-85F3-91D1C8BDA35F}.Debug|Any CPU.Build.0 = Debug|Any CPU
		{A5F8C2F5-DB6A-4559-85F3-91D1C8BDA35F}.Release|Any CPU.ActiveCfg = Release|Any CPU
		{A5F8C2F5-DB6A-4559-85F3-91D1C8BDA35F}.Release|Any CPU.Build.0 = Release|Any CPU
		{DD5D1612-38D9-4D4E-B6B5-92BEFF16F2E2}.Debug|Any CPU.ActiveCfg = Debug|Any CPU
		{DD5D1612-38D9-4D4E-B6B5-92BEFF16F2E2}.Release|Any CPU.ActiveCfg = Debug|Any CPU
		{DD5D1612-38D9-4D4E-B6B5-92BEFF16F2E2}.Release|Any CPU.Build.0 = Debug|Any CPU
		{098E6BE7-1D67-4E1E-8B0B-F86CE96A4645}.Debug|Any CPU.ActiveCfg = Debug|Any CPU
		{098E6BE7-1D67-4E1E-8B0B-F86CE96A4645}.Debug|Any CPU.Build.0 = Debug|Any CPU
		{098E6BE7-1D67-4E1E-8B0B-F86CE96A4645}.Release|Any CPU.ActiveCfg = Release|Any CPU
		{098E6BE7-1D67-4E1E-8B0B-F86CE96A4645}.Release|Any CPU.Build.0 = Release|Any CPU
	EndGlobalSection
	GlobalSection(SolutionProperties) = preSolution
		HideSolutionNode = FALSE
	EndGlobalSection
	GlobalSection(ExtensibilityGlobals) = postSolution
		SolutionGuid = {E43088E1-DD53-4875-A762-CB7F3B53C70A}
	EndGlobalSection
EndGlobal
